
Microsoft Visual Studio Solution File, Format Version 12.00
# Visual Studio Version 17
VisualStudioVersion = 17.6.33829.357
MinimumVisualStudioVersion = 10.0.40219.1
Project("{FAE04EC0-301F-11D3-BF4B-00C04F79EFBC}") = "Aula03072024", "Aula03072024\Aula03072024.csproj", "{B264600F-C1A3-42AA-8E51-2855AB697F13}"
EndProject
Global
	GlobalSection(SolutionConfigurationPlatforms) = preSolution
		Debug|Any CPU = Debug|Any CPU
		Release|Any CPU = Release|Any CPU
	EndGlobalSection
	GlobalSection(ProjectConfigurationPlatforms) = postSolution
		{B264600F-C1A3-42AA-8E51-2855AB697F13}.Debug|Any CPU.ActiveCfg = Debug|Any CPU
		{B264600F-C1A3-42AA-8E51-2855AB697F13}.Debug|Any CPU.Build.0 = Debug|Any CPU
		{B264600F-C1A3-42AA-8E51-2855AB697F13}.Release|Any CPU.ActiveCfg = Release|Any CPU
		{B264600F-C1A3-42AA-8E51-2855AB697F13}.Release|Any CPU.Build.0 = Release|Any CPU
	EndGlobalSection
	GlobalSection(SolutionProperties) = preSolution
		HideSolutionNode = FALSE
	EndGlobalSection
	GlobalSection(ExtensibilityGlobals) = postSolution
		SolutionGuid = {B1E6356F-E861-4F4A-80F8-8AE0893368F1}
	EndGlobalSection
EndGlobal
